
Microsoft Visual Studio Solution File, Format Version 12.00
# Visual Studio Version 17
VisualStudioVersion = 17.14.36310.24 d17.14
MinimumVisualStudioVersion = 10.0.40219.1
Project("{FAE04EC0-301F-11D3-BF4B-00C04F79EFBC}") = "BankingApplication", "BankingApplication\BankingApplication.csproj", "{CCC86AE0-887F-41B7-8B78-DB8C2D8DDBBD}"
EndProject
Global
	GlobalSection(SolutionConfigurationPlatforms) = preSolution
		Debug|Any CPU = Debug|Any CPU
		Release|Any CPU = Release|Any CPU
	EndGlobalSection
	GlobalSection(ProjectConfigurationPlatforms) = postSolution
		{CCC86AE0-887F-41B7-8B78-DB8C2D8DDBBD}.Debug|Any CPU.ActiveCfg = Debug|Any CPU
		{CCC86AE0-887F-41B7-8B78-DB8C2D8DDBBD}.Debug|Any CPU.Build.0 = Debug|Any CPU
		{CCC86AE0-887F-41B7-8B78-DB8C2D8DDBBD}.Release|Any CPU.ActiveCfg = Release|Any CPU
		{CCC86AE0-887F-41B7-8B78-DB8C2D8DDBBD}.Release|Any CPU.Build.0 = Release|Any CPU
	EndGlobalSection
	GlobalSection(SolutionProperties) = preSolution
		HideSolutionNode = FALSE
	EndGlobalSection
	GlobalSection(ExtensibilityGlobals) = postSolution
		SolutionGuid = {B162914B-8DB2-44C4-BB05-AC1EE63EF6F4}
	EndGlobalSection
EndGlobal
